# THIS IS AN AUTOGENERATED FILE. DO NOT EDIT THIS FILE DIRECTLY.
# yarn lockfile v1


colors@~1.3.3:
  version "1.3.3"
  resolved "https://registry.yarnpkg.com/colors/-/colors-1.3.3.tgz#39e005d546afe01e01f9c4ca8fa50f686a01205d"
  integrity sha512-mmGt/1pZqYRjMxB1axhTo16/snVZ5krrKkcmMeVKxzECMMXoCgnvTPp10QgHfcbQZw8Dq2jMNG6je4JlWU0gWg==

content-type@^1.0.4:
  version "1.0.4"
  resolved "https://registry.yarnpkg.com/content-type/-/content-type-1.0.4.tgz#e138cc75e040c727b1966fe5e5f8c9aee256fe3b"
  integrity sha512-hIP3EEPs8tB9AT1L+NUqtwOAps4mk2Zob89MWXMHjHWg9milF/j4osnnQLXBCBFBk/tvIG/tUc9mOUJiPBhPXA==

encoding@^0.1.12:
  version "0.1.12"
  resolved "https://registry.yarnpkg.com/encoding/-/encoding-0.1.12.tgz#538b66f3ee62cd1ab51ec323829d1f9480c74beb"
  integrity sha1-U4tm8+5izRq1HsMjgp0flIDHS+s=
  dependencies:
    iconv-lite "~0.4.13"

gettext-parser@~4.0.1:
  version "4.0.1"
  resolved "https://registry.yarnpkg.com/gettext-parser/-/gettext-parser-4.0.1.tgz#72ef1538f5858ae506a1b34db0cc0fe15878d3a7"
  integrity sha512-ny1f9saN1xnhto5UzDOp7djJy7NbK6ebDAmOFXwp0DDu5KkQ5u3WF6giFU3BXHVqkS+3bxjXS1AmSUbX64fblA==
  dependencies:
    content-type "^1.0.4"
    encoding "^0.1.12"
    readable-stream "^3.4.0"
    safe-buffer "^5.2.0"

iconv-lite@~0.4.13:
  version "0.4.24"
  resolved "https://registry.yarnpkg.com/iconv-lite/-/iconv-lite-0.4.24.tgz#2022b4b25fbddc21d2f524974a474aafe733908b"
  integrity sha512-v3MXnZAcvnywkTUEZomIActle7RXXeedOR31wwl7VlyoXO4Qi9arvSenNQWne1TcRwhCL1HwLI21bEqdpj8/rA==
  dependencies:
    safer-buffer ">= 2.1.2 < 3"

inherits@^2.0.3:
  version "2.0.4"
  resolved "https://registry.yarnpkg.com/inherits/-/inherits-2.0.4.tgz#0fa2c64f932917c3433a0ded55363aae37416b7c"
  integrity sha512-k/vGaX4/Yla3WzyMCvTQOXYeIHvqOKtnqBduzTHpzpQZzAskKMhZ2K+EnBiSM9zGSoIFeMpXKxa4dYeZIQqewQ==

readable-stream@^3.4.0:
  version "3.4.0"
  resolved "https://registry.yarnpkg.com/readable-stream/-/readable-stream-3.4.0.tgz#a51c26754658e0a3c21dbf59163bd45ba6f447fc"
  integrity sha512-jItXPLmrSR8jmTRmRWJXCnGJsfy85mB3Wd/uINMXA65yrnFo0cPClFIUWzo2najVNSl+mx7/4W8ttlLWJe99pQ==
  dependencies:
    inherits "^2.0.3"
    string_decoder "^1.1.1"
    util-deprecate "^1.0.1"

safe-buffer@^5.2.0:
  version "5.2.0"
  resolved "https://registry.yarnpkg.com/safe-buffer/-/safe-buffer-5.2.0.tgz#b74daec49b1148f88c64b68d49b1e815c1f2f519"
  integrity sha512-fZEwUGbVl7kouZs1jCdMLdt95hdIv0ZeHg6L7qPeciMZhZ+/gdesW4wgTARkrFWEpspjEATAzUGPG8N2jJiwbg==

safe-buffer@~5.1.0:
  version "5.1.2"
  resolved "https://registry.yarnpkg.com/safe-buffer/-/safe-buffer-5.1.2.tgz#991ec69d296e0313747d59bdfd2b745c35f8828d"
  integrity sha512-Gd2UZBJDkXlY7GbJxfsE8/nvKkUEU1G38c1siN6QP6a9PT9MmHB8GnpscSmMJSoF8LOIrt8ud/wPtojys4G6+g==

"safer-buffer@>= 2.1.2 < 3":
  version "2.1.2"
  resolved "https://registry.yarnpkg.com/safer-buffer/-/safer-buffer-2.1.2.tgz#44fa161b0187b9549dd84bb91802f9bd8385cd6a"
  integrity sha512-YZo3K82SD7Riyi0E1EQPojLz7kpepnSQI9IyPbHHg1XXXevb5dJI7tpyN2ADxGcQbHG7vcyRHk0cbwqcQriUtg==

string_decoder@^1.1.1:
  version "1.2.0"
  resolved "https://registry.yarnpkg.com/string_decoder/-/string_decoder-1.2.0.tgz#fe86e738b19544afe70469243b2a1ee9240eae8d"
  integrity sha512-6YqyX6ZWEYguAxgZzHGL7SsCeGx3V2TtOTqZz1xSTSWnqsbWwbptafNyvf/ACquZUXV3DANr5BDIwNYe1mN42w==
  dependencies:
    safe-buffer "~5.1.0"

util-deprecate@^1.0.1:
  version "1.0.2"
  resolved "https://registry.yarnpkg.com/util-deprecate/-/util-deprecate-1.0.2.tgz#450d4dc9fa70de732762fbd2d4a28981419a0ccf"
  integrity sha1-RQ1Nyfpw3nMnYvvS1KKJgUGaDM8=
